
Microsoft Visual Studio Solution File, Format Version 12.00
# Visual Studio 2012
Project("{FAE04EC0-301F-11D3-BF4B-00C04F79EFBC}") = "StudyApp", "StudyApp\StudyApp.csproj", "{4D6DC732-4413-42EF-A27A-4B1BD052FA6A}"
EndProject
Project("{FAE04EC0-301F-11D3-BF4B-00C04F79EFBC}") = "StudyApp.iOS", "iOS\StudyApp.iOS.csproj", "{DE3186FF-906D-4449-9228-87A0D5432263}"
EndProject
Project("{FAE04EC0-301F-11D3-BF4B-00C04F79EFBC}") = "StudyApp.Droid", "Droid\StudyApp.Droid.csproj", "{CC46C877-7ACB-4725-8D26-E1C5144C18CF}"
EndProject
Global
	GlobalSection(SolutionConfigurationPlatforms) = preSolution
		Debug|Any CPU = Debug|Any CPU
		Release|Any CPU = Release|Any CPU
		Debug|iPhoneSimulator = Debug|iPhoneSimulator
		Release|iPhone = Release|iPhone
		Release|iPhoneSimulator = Release|iPhoneSimulator
		Debug|iPhone = Debug|iPhone
	EndGlobalSection
	GlobalSection(ProjectConfigurationPlatforms) = postSolution
		{4D6DC732-4413-42EF-A27A-4B1BD052FA6A}.Debug|Any CPU.ActiveCfg = Debug|Any CPU
		{4D6DC732-4413-42EF-A27A-4B1BD052FA6A}.Debug|Any CPU.Build.0 = Debug|Any CPU
		{4D6DC732-4413-42EF-A27A-4B1BD052FA6A}.Release|Any CPU.ActiveCfg = Release|Any CPU
		{4D6DC732-4413-42EF-A27A-4B1BD052FA6A}.Release|Any CPU.Build.0 = Release|Any CPU
		{4D6DC732-4413-42EF-A27A-4B1BD052FA6A}.Debug|iPhoneSimulator.ActiveCfg = Debug|Any CPU
		{4D6DC732-4413-42EF-A27A-4B1BD052FA6A}.Debug|iPhoneSimulator.Build.0 = Debug|Any CPU
		{4D6DC732-4413-42EF-A27A-4B1BD052FA6A}.Release|iPhone.ActiveCfg = Release|Any CPU
		{4D6DC732-4413-42EF-A27A-4B1BD052FA6A}.Release|iPhone.Build.0 = Release|Any CPU
		{4D6DC732-4413-42EF-A27A-4B1BD052FA6A}.Release|iPhoneSimulator.ActiveCfg = Release|Any CPU
		{4D6DC732-4413-42EF-A27A-4B1BD052FA6A}.Release|iPhoneSimulator.Build.0 = Release|Any CPU
		{4D6DC732-4413-42EF-A27A-4B1BD052FA6A}.Debug|iPhone.ActiveCfg = Debug|Any CPU
		{4D6DC732-4413-42EF-A27A-4B1BD052FA6A}.Debug|iPhone.Build.0 = Debug|Any CPU
		{DE3186FF-906D-4449-9228-87A0D5432263}.Debug|Any CPU.ActiveCfg = Debug|iPhoneSimulator
		{DE3186FF-906D-4449-9228-87A0D5432263}.Debug|Any CPU.Build.0 = Debug|iPhoneSimulator
		{DE3186FF-906D-4449-9228-87A0D5432263}.Release|Any CPU.ActiveCfg = Release|iPhone
		{DE3186FF-906D-4449-9228-87A0D5432263}.Release|Any CPU.Build.0 = Release|iPhone
		{DE3186FF-906D-4449-9228-87A0D5432263}.Debug|iPhoneSimulator.ActiveCfg = Debug|iPhoneSimulator
		{DE3186FF-906D-4449-9228-87A0D5432263}.Debug|iPhoneSimulator.Build.0 = Debug|iPhoneSimulator
		{DE3186FF-906D-4449-9228-87A0D5432263}.Release|iPhone.ActiveCfg = Release|iPhone
		{DE3186FF-906D-4449-9228-87A0D5432263}.Release|iPhone.Build.0 = Release|iPhone
		{DE3186FF-906D-4449-9228-87A0D5432263}.Release|iPhoneSimulator.ActiveCfg = Release|iPhoneSimulator
		{DE3186FF-906D-4449-9228-87A0D5432263}.Release|iPhoneSimulator.Build.0 = Release|iPhoneSimulator
		{DE3186FF-906D-4449-9228-87A0D5432263}.Debug|iPhone.ActiveCfg = Debug|iPhone
		{DE3186FF-906D-4449-9228-87A0D5432263}.Debug|iPhone.Build.0 = Debug|iPhone
		{CC46C877-7ACB-4725-8D26-E1C5144C18CF}.Debug|Any CPU.ActiveCfg = Debug|Any CPU
		{CC46C877-7ACB-4725-8D26-E1C5144C18CF}.Debug|Any CPU.Build.0 = Debug|Any CPU
		{CC46C877-7ACB-4725-8D26-E1C5144C18CF}.Release|Any CPU.ActiveCfg = Release|Any CPU
		{CC46C877-7ACB-4725-8D26-E1C5144C18CF}.Release|Any CPU.Build.0 = Release|Any CPU
		{CC46C877-7ACB-4725-8D26-E1C5144C18CF}.Debug|iPhoneSimulator.ActiveCfg = Debug|Any CPU
		{CC46C877-7ACB-4725-8D26-E1C5144C18CF}.Debug|iPhoneSimulator.Build.0 = Debug|Any CPU
		{CC46C877-7ACB-4725-8D26-E1C5144C18CF}.Release|iPhone.ActiveCfg = Release|Any CPU
		{CC46C877-7ACB-4725-8D26-E1C5144C18CF}.Release|iPhone.Build.0 = Release|Any CPU
		{CC46C877-7ACB-4725-8D26-E1C5144C18CF}.Release|iPhoneSimulator.ActiveCfg = Release|Any CPU
		{CC46C877-7ACB-4725-8D26-E1C5144C18CF}.Release|iPhoneSimulator.Build.0 = Release|Any CPU
		{CC46C877-7ACB-4725-8D26-E1C5144C18CF}.Debug|iPhone.ActiveCfg = Debug|Any CPU
		{CC46C877-7ACB-4725-8D26-E1C5144C18CF}.Debug|iPhone.Build.0 = Debug|Any CPU
	EndGlobalSection
EndGlobal
